
Microsoft Visual Studio Solution File, Format Version 12.00
# Visual Studio Version 17
VisualStudioVersion = 17.9.34622.214
MinimumVisualStudioVersion = 10.0.40219.1
Project("{FAE04EC0-301F-11D3-BF4B-00C04F79EFBC}") = "Transitions", "Transitions\Transitions.csproj", "{81414A3C-6540-4622-8699-A0E578930F70}"
EndProject
Global
	GlobalSection(SolutionConfigurationPlatforms) = preSolution
		Debug|Any CPU = Debug|Any CPU
		Release|Any CPU = Release|Any CPU
	EndGlobalSection
	GlobalSection(ProjectConfigurationPlatforms) = postSolution
		{81414A3C-6540-4622-8699-A0E578930F70}.Debug|Any CPU.ActiveCfg = Debug|Any CPU
		{81414A3C-6540-4622-8699-A0E578930F70}.Debug|Any CPU.Build.0 = Debug|Any CPU
		{81414A3C-6540-4622-8699-A0E578930F70}.Release|Any CPU.ActiveCfg = Release|Any CPU
		{81414A3C-6540-4622-8699-A0E578930F70}.Release|Any CPU.Build.0 = Release|Any CPU
	EndGlobalSection
	GlobalSection(SolutionProperties) = preSolution
		HideSolutionNode = FALSE
	EndGlobalSection
	GlobalSection(ExtensibilityGlobals) = postSolution
		SolutionGuid = {B74E67DD-82F4-489B-A3F1-D43567EEAF92}
	EndGlobalSection
EndGlobal
